<?xml version="1.0" encoding="utf-8"?>
<Project ToolsVersion="4.0" xmlns="http://schemas.microsoft.com/developer/msbuild/2003">
  <ItemGroup>
    <Filter Include="Source Files">
      <UniqueIdentifier>{4FC737F1-C7A5-4376-A066-2A32D752A2FF}</UniqueIdentifier>
      <Extensions>cpp;c;cc;cxx;def;odl;idl;hpj;bat;asm;asmx</Extensions>
    </Filter>
    <Filter Include="Header Files">
      <UniqueIdentifier>{93995380-89BD-4b04-88EB-625FBE52EBFB}</UniqueIdentifier>
      <Extensions>h;hh;hpp;hxx;hm;inl;inc;xsd</Extensions>
    </Filter>
    <Filter Include="Resource Files">
      <UniqueIdentifier>{67DA6AB6-F800-4c08-8B7A-83BB121AAD01}</UniqueIdentifier>
      <Extensions>rc;ico;cur;bmp;dlg;rc2;rct;bin;rgs;gif;jpg;jpeg;jpe;resx;tiff;tif;png;wav;mfcribbon-ms</Extensions>
    </Filter>
    <Filter Include="Header Files\common">
      <UniqueIdentifier>{983dc0bb-96f1-42b4-8733-30df6a143e98}</UniqueIdentifier>
    </Filter>
    <Filter Include="Header Files\compress">
      <UniqueIdentifier>{df2c50a2-44dd-42d2-81cc-d16385c7f483}</UniqueIdentifier>
    </Filter>
    <Filter Include="Header Files\decompress">
      <UniqueIdentifier>{faf92160-346c-4447-97fa-08cd6ca08ccc}</UniqueIdentifier>
    </Filter>
    <Filter Include="Source Files\common">
      <UniqueIdentifier>{751bcb93-b6c4-4123-bc93-1e97843429d7}</UniqueIdentifier>
    </Filter>
    <Filter Include="Source Files\compress">
      <UniqueIdentifier>{0a8e155d-39fc-4f0d-92c2-6ae9fd7cfafc}</UniqueIdentifier>
    </Filter>
    <Filter Include="Source Files\decompress">
      <UniqueIdentifier>{4d5f7fc4-5be6-4a50-ae71-b08735425d10}</UniqueIdentifier>
    </Filter>
  </ItemGroup>
  <ItemGroup>
    <ClInclude Include="Inc\Public\zstd.h">
      <Filter>Header Files</Filter>
    </ClInclude>
    <ClInclude Include="src\common\bitstream.h">
      <Filter>Header Files\common</Filter>
    </ClInclude>
    <ClInclude Include="src\common\compiler.h">
      <Filter>Header Files\common</Filter>
    </ClInclude>
    <ClInclude Include="src\common\cpu.h">
      <Filter>Header Files\common</Filter>
    </ClInclude>
    <ClInclude Include="src\common\debug.h">
      <Filter>Header Files\common</Filter>
    </ClInclude>
    <ClInclude Include="src\common\error_private.h">
      <Filter>Header Files\common</Filter>
    </ClInclude>
    <ClInclude Include="src\common\fse.h">
      <Filter>Header Files\common</Filter>
    </ClInclude>
    <ClInclude Include="src\common\huf.h">
      <Filter>Header Files\common</Filter>
    </ClInclude>
    <ClInclude Include="src\common\mem.h">
      <Filter>Header Files\common</Filter>
    </ClInclude>
    <ClInclude Include="src\common\pool.h">
      <Filter>Header Files\common</Filter>
    </ClInclude>
    <ClInclude Include="src\common\threading.h">
      <Filter>Header Files\common</Filter>
    </ClInclude>
    <ClInclude Include="src\common\xxhash.h">
      <Filter>Header Files\common</Filter>
    </ClInclude>
    <ClInclude Include="src\common\zstd_errors.h">
      <Filter>Header Files\common</Filter>
    </ClInclude>
    <ClInclude Include="src\common\zstd_internal.h">
      <Filter>Header Files\common</Filter>
    </ClInclude>
    <ClInclude Include="src\compress\hist.h">
      <Filter>Header Files\compress</Filter>
    </ClInclude>
    <ClInclude Include="src\compress\zstd_compress_internal.h">
      <Filter>Header Files\compress</Filter>
    </ClInclude>
    <ClInclude Include="src\compress\zstd_double_fast.h">
      <Filter>Header Files\compress</Filter>
    </ClInclude>
    <ClInclude Include="src\compress\zstd_fast.h">
      <Filter>Header Files\compress</Filter>
    </ClInclude>
    <ClInclude Include="src\compress\zstd_lazy.h">
      <Filter>Header Files\compress</Filter>
    </ClInclude>
    <ClInclude Include="src\compress\zstd_ldm.h">
      <Filter>Header Files\compress</Filter>
    </ClInclude>
    <ClInclude Include="src\compress\zstd_opt.h">
      <Filter>Header Files\compress</Filter>
    </ClInclude>
    <ClInclude Include="src\compress\zstdmt_compress.h">
      <Filter>Header Files\compress</Filter>
    </ClInclude>
    <ClInclude Include="src\decompress\zstd_ddict.h">
      <Filter>Header Files\decompress</Filter>
    </ClInclude>
    <ClInclude Include="src\decompress\zstd_decompress_block.h">
      <Filter>Header Files\decompress</Filter>
    </ClInclude>
    <ClInclude Include="src\decompress\zstd_decompress_internal.h">
      <Filter>Header Files\decompress</Filter>
    </ClInclude>
  </ItemGroup>
  <ItemGroup>
    <ClCompile Include="src\common\debug.c">
      <Filter>Source Files\common</Filter>
    </ClCompile>
    <ClCompile Include="src\common\entropy_common.c">
      <Filter>Source Files\common</Filter>
    </ClCompile>
    <ClCompile Include="src\common\error_private.c">
      <Filter>Source Files\common</Filter>
    </ClCompile>
    <ClCompile Include="src\common\fse_decompress.c">
      <Filter>Source Files\common</Filter>
    </ClCompile>
    <ClCompile Include="src\common\pool.c">
      <Filter>Source Files\common</Filter>
    </ClCompile>
    <ClCompile Include="src\common\threading.c">
      <Filter>Source Files\common</Filter>
    </ClCompile>
    <ClCompile Include="src\common\xxhash.c">
      <Filter>Source Files\common</Filter>
    </ClCompile>
    <ClCompile Include="src\common\zstd_common.c">
      <Filter>Source Files\common</Filter>
    </ClCompile>
    <ClCompile Include="src\compress\fse_compress.c">
      <Filter>Source Files\compress</Filter>
    </ClCompile>
    <ClCompile Include="src\compress\hist.c">
      <Filter>Source Files\compress</Filter>
    </ClCompile>
    <ClCompile Include="src\compress\huf_compress.c">
      <Filter>Source Files\compress</Filter>
    </ClCompile>
    <ClCompile Include="src\compress\zstd_compress.c">
      <Filter>Source Files\compress</Filter>
    </ClCompile>
    <ClCompile Include="src\compress\zstd_double_fast.c">
      <Filter>Source Files\compress</Filter>
    </ClCompile>
    <ClCompile Include="src\compress\zstd_fast.c">
      <Filter>Source Files\compress</Filter>
    </ClCompile>
    <ClCompile Include="src\compress\zstd_lazy.c">
      <Filter>Source Files\compress</Filter>
    </ClCompile>
    <ClCompile Include="src\compress\zstd_ldm.c">
      <Filter>Source Files\compress</Filter>
    </ClCompile>
    <ClCompile Include="src\compress\zstd_opt.c">
      <Filter>Source Files\compress</Filter>
    </ClCompile>
    <ClCompile Include="src\compress\zstdmt_compress.c">
      <Filter>Source Files\compress</Filter>
    </ClCompile>
    <ClCompile Include="src\decompress\huf_decompress.c">
      <Filter>Source Files\decompress</Filter>
    </ClCompile>
    <ClCompile Include="src\decompress\zstd_ddict.c">
      <Filter>Source Files\decompress</Filter>
    </ClCompile>
    <ClCompile Include="src\decompress\zstd_decompress.c">
      <Filter>Source Files\decompress</Filter>
    </ClCompile>
    <ClCompile Include="src\decompress\zstd_decompress_block.c">
      <Filter>Source Files\decompress</Filter>
    </ClCompile>
  </ItemGroup>
</Project>